
Microsoft Visual Studio Solution File, Format Version 12.00
# Visual Studio Version 16
VisualStudioVersion = 16.0.30503.244
MinimumVisualStudioVersion = 10.0.40219.1
Project("{FAE04EC0-301F-11D3-BF4B-00C04F79EFBC}") = "Chapter_2", "Chapter_2\Chapter_2.csproj", "{CF54FCF3-E196-44F7-8343-A101F4DBBEFC}"
EndProject
Global
	GlobalSection(SolutionConfigurationPlatforms) = preSolution
		Debug|Any CPU = Debug|Any CPU
		Release|Any CPU = Release|Any CPU
	EndGlobalSection
	GlobalSection(ProjectConfigurationPlatforms) = postSolution
		{CF54FCF3-E196-44F7-8343-A101F4DBBEFC}.Debug|Any CPU.ActiveCfg = Debug|Any CPU
		{CF54FCF3-E196-44F7-8343-A101F4DBBEFC}.Debug|Any CPU.Build.0 = Debug|Any CPU
		{CF54FCF3-E196-44F7-8343-A101F4DBBEFC}.Release|Any CPU.ActiveCfg = Release|Any CPU
		{CF54FCF3-E196-44F7-8343-A101F4DBBEFC}.Release|Any CPU.Build.0 = Release|Any CPU
	EndGlobalSection
	GlobalSection(SolutionProperties) = preSolution
		HideSolutionNode = FALSE
	EndGlobalSection
	GlobalSection(ExtensibilityGlobals) = postSolution
		SolutionGuid = {549F3850-91DC-488A-8D24-5AE81272002C}
	EndGlobalSection
EndGlobal
